// !$*UTF8*$!
{
	archiveVersion = 1;
	classes = {
	};
	objectVersion = 50;
	objects = {

/* Begin PBXBuildFile section */
		5D5CC44125AC59C9002E35B5 /* AppDelegate.swift in Sources */ = {isa = PBXBuildFile; fileRef = 5D5CC44025AC59C9002E35B5 /* AppDelegate.swift */; };
		5D5CC44325AC59C9002E35B5 /* SceneDelegate.swift in Sources */ = {isa = PBXBuildFile; fileRef = 5D5CC44225AC59C9002E35B5 /* SceneDelegate.swift */; };
		5D5CC44825AC59C9002E35B5 /* Main.storyboard in Resources */ = {isa = PBXBuildFile; fileRef = 5D5CC44625AC59C9002E35B5 /* Main.storyboard */; };
		5D5CC44A25AC59CC002E35B5 /* Assets.xcassets in Resources */ = {isa = PBXBuildFile; fileRef = 5D5CC44925AC59CC002E35B5 /* Assets.xcassets */; };
		5D5CC44D25AC59CC002E35B5 /* LaunchScreen.storyboard in Resources */ = {isa = PBXBuildFile; fileRef = 5D5CC44B25AC59CC002E35B5 /* LaunchScreen.storyboard */; };
		5D5CC45D25AD85A5002E35B5 /* TabBarController.swift in Sources */ = {isa = PBXBuildFile; fileRef = 5D5CC45C25AD85A5002E35B5 /* TabBarController.swift */; };
		5D5CC46525AD8D78002E35B5 /* FirstViewController.swift in Sources */ = {isa = PBXBuildFile; fileRef = 5D5CC46425AD8D78002E35B5 /* FirstViewController.swift */; };
		5D5CC46825AD91D3002E35B5 /* LoginViewController.swift in Sources */ = {isa = PBXBuildFile; fileRef = 5D5CC46725AD91D3002E35B5 /* LoginViewController.swift */; };
		5D5CC46F25AE8E44002E35B5 /* UIImageViewExtension.swift in Sources */ = {isa = PBXBuildFile; fileRef = 5D5CC46E25AE8E44002E35B5 /* UIImageViewExtension.swift */; };
		5D5CC47725AEA270002E35B5 /* EditViewController.swift in Sources */ = {isa = PBXBuildFile; fileRef = 5D5CC47625AEA270002E35B5 /* EditViewController.swift */; };
		5D5CC47C25AEE678002E35B5 /* bean.png in Resources */ = {isa = PBXBuildFile; fileRef = 5D5CC47B25AEE678002E35B5 /* bean.png */; };
		5D5CC48F25B00C86002E35B5 /* EditVIewDelegate.swift in Sources */ = {isa = PBXBuildFile; fileRef = 5D5CC48E25B00C86002E35B5 /* EditVIewDelegate.swift */; };
		5D5CC4AC25B020C8002E35B5 /* UIColorExtension.swift in Sources */ = {isa = PBXBuildFile; fileRef = 5D5CC4AB25B020C8002E35B5 /* UIColorExtension.swift */; };
		5D5CC4B025B0366B002E35B5 /* kakao_logo.jpg in Resources */ = {isa = PBXBuildFile; fileRef = 5D5CC4AF25B0366B002E35B5 /* kakao_logo.jpg */; };
		5D5CC4B425B036D9002E35B5 /* kakao_logo.png in Resources */ = {isa = PBXBuildFile; fileRef = 5D5CC4B325B036D9002E35B5 /* kakao_logo.png */; };
		5D5CC4B925B041DD002E35B5 /* User.swift in Sources */ = {isa = PBXBuildFile; fileRef = 5D5CC4B825B041DD002E35B5 /* User.swift */; };
		5D5CC4BE25B051DB002E35B5 /* Config.swift in Sources */ = {isa = PBXBuildFile; fileRef = 5D5CC4BD25B051DB002E35B5 /* Config.swift */; };
		5D5CC4C225B051EB002E35B5 /* UserAPI.swift in Sources */ = {isa = PBXBuildFile; fileRef = 5D5CC4C125B051EB002E35B5 /* UserAPI.swift */; };
		5D5CC4CB25B151FF002E35B5 /* WebKit.framework in Frameworks */ = {isa = PBXBuildFile; fileRef = 5D5CC4CA25B151FF002E35B5 /* WebKit.framework */; };
		5D5CC4CD25B15290002E35B5 /* MainViewController.swift in Sources */ = {isa = PBXBuildFile; fileRef = 5D5CC4CC25B15290002E35B5 /* MainViewController.swift */; };
/* End PBXBuildFile section */

/* Begin PBXFileReference section */
		5D5CC43D25AC59C9002E35B5 /* KakaoProfile.app */ = {isa = PBXFileReference; explicitFileType = wrapper.application; includeInIndex = 0; path = KakaoProfile.app; sourceTree = BUILT_PRODUCTS_DIR; };
		5D5CC44025AC59C9002E35B5 /* AppDelegate.swift */ = {isa = PBXFileReference; lastKnownFileType = sourcecode.swift; path = AppDelegate.swift; sourceTree = "<group>"; };
		5D5CC44225AC59C9002E35B5 /* SceneDelegate.swift */ = {isa = PBXFileReference; lastKnownFileType = sourcecode.swift; path = SceneDelegate.swift; sourceTree = "<group>"; };
		5D5CC44725AC59C9002E35B5 /* Base */ = {isa = PBXFileReference; lastKnownFileType = file.storyboard; name = Base; path = Base.lproj/Main.storyboard; sourceTree = "<group>"; };
		5D5CC44925AC59CC002E35B5 /* Assets.xcassets */ = {isa = PBXFileReference; lastKnownFileType = folder.assetcatalog; path = Assets.xcassets; sourceTree = "<group>"; };
		5D5CC44C25AC59CC002E35B5 /* Base */ = {isa = PBXFileReference; lastKnownFileType = file.storyboard; name = Base; path = Base.lproj/LaunchScreen.storyboard; sourceTree = "<group>"; };
		5D5CC44E25AC59CC002E35B5 /* Info.plist */ = {isa = PBXFileReference; lastKnownFileType = text.plist.xml; path = Info.plist; sourceTree = "<group>"; };
		5D5CC45C25AD85A5002E35B5 /* TabBarController.swift */ = {isa = PBXFileReference; lastKnownFileType = sourcecode.swift; path = TabBarController.swift; sourceTree = "<group>"; };
		5D5CC46425AD8D78002E35B5 /* FirstViewController.swift */ = {isa = PBXFileReference; lastKnownFileType = sourcecode.swift; path = FirstViewController.swift; sourceTree = "<group>"; };
		5D5CC46725AD91D3002E35B5 /* LoginViewController.swift */ = {isa = PBXFileReference; lastKnownFileType = sourcecode.swift; path = LoginViewController.swift; sourceTree = "<group>"; };
		5D5CC46E25AE8E44002E35B5 /* UIImageViewExtension.swift */ = {isa = PBXFileReference; lastKnownFileType = sourcecode.swift; path = UIImageViewExtension.swift; sourceTree = "<group>"; };
		5D5CC47625AEA270002E35B5 /* EditViewController.swift */ = {isa = PBXFileReference; lastKnownFileType = sourcecode.swift; path = EditViewController.swift; sourceTree = "<group>"; };
		5D5CC47B25AEE678002E35B5 /* bean.png */ = {isa = PBXFileReference; lastKnownFileType = image.png; name = bean.png; path = ../../../../../../../Downloads/bean.png; sourceTree = "<group>"; };
		5D5CC48E25B00C86002E35B5 /* EditVIewDelegate.swift */ = {isa = PBXFileReference; lastKnownFileType = sourcecode.swift; path = EditVIewDelegate.swift; sourceTree = "<group>"; };
		5D5CC4AB25B020C8002E35B5 /* UIColorExtension.swift */ = {isa = PBXFileReference; lastKnownFileType = sourcecode.swift; path = UIColorExtension.swift; sourceTree = "<group>"; };
		5D5CC4AF25B0366B002E35B5 /* kakao_logo.jpg */ = {isa = PBXFileReference; lastKnownFileType = image.jpeg; name = kakao_logo.jpg; path = ../../../../../../../Downloads/kakao_logo.jpg; sourceTree = "<group>"; };
		5D5CC4B325B036D9002E35B5 /* kakao_logo.png */ = {isa = PBXFileReference; lastKnownFileType = image.png; name = kakao_logo.png; path = ../../../../../../../Downloads/kakao_logo.png; sourceTree = "<group>"; };
		5D5CC4B825B041DD002E35B5 /* User.swift */ = {isa = PBXFileReference; lastKnownFileType = sourcecode.swift; path = User.swift; sourceTree = "<group>"; };
		5D5CC4BD25B051DB002E35B5 /* Config.swift */ = {isa = PBXFileReference; lastKnownFileType = sourcecode.swift; path = Config.swift; sourceTree = "<group>"; };
		5D5CC4C125B051EB002E35B5 /* UserAPI.swift */ = {isa = PBXFileReference; lastKnownFileType = sourcecode.swift; path = UserAPI.swift; sourceTree = "<group>"; };
		5D5CC4CA25B151FF002E35B5 /* WebKit.framework */ = {isa = PBXFileReference; lastKnownFileType = wrapper.framework; name = WebKit.framework; path = System/Library/Frameworks/WebKit.framework; sourceTree = SDKROOT; };
		5D5CC4CC25B15290002E35B5 /* MainViewController.swift */ = {isa = PBXFileReference; lastKnownFileType = sourcecode.swift; path = MainViewController.swift; sourceTree = "<group>"; };
/* End PBXFileReference section */

/* Begin PBXFrameworksBuildPhase section */
		5D5CC43A25AC59C9002E35B5 /* Frameworks */ = {
			isa = PBXFrameworksBuildPhase;
			buildActionMask = 2147483647;
			files = (
				5D5CC4CB25B151FF002E35B5 /* WebKit.framework in Frameworks */,
			);
			runOnlyForDeploymentPostprocessing = 0;
		};
/* End PBXFrameworksBuildPhase section */

/* Begin PBXGroup section */
		5D5CC43425AC59C9002E35B5 = {
			isa = PBXGroup;
			children = (
				5D5CC43F25AC59C9002E35B5 /* KakaoProfile */,
				5D5CC43E25AC59C9002E35B5 /* Products */,
				5D5CC4C925B151FF002E35B5 /* Frameworks */,
			);
			sourceTree = "<group>";
		};
		5D5CC43E25AC59C9002E35B5 /* Products */ = {
			isa = PBXGroup;
			children = (
				5D5CC43D25AC59C9002E35B5 /* KakaoProfile.app */,
			);
			name = Products;
			sourceTree = "<group>";
		};
		5D5CC43F25AC59C9002E35B5 /* KakaoProfile */ = {
			isa = PBXGroup;
			children = (
				5D5CC4BC25B051CD002E35B5 /* Network */,
				5D5CC4B725B041CF002E35B5 /* Models */,
				5D5CC48D25B00C52002E35B5 /* Views */,
				5D5CC47E25AEEE6C002E35B5 /* Controllers */,
				5D5CC47925AEE659002E35B5 /* Assets */,
				5D5CC46D25AE8E29002E35B5 /* Helpers */,
				5D5CC44025AC59C9002E35B5 /* AppDelegate.swift */,
				5D5CC44225AC59C9002E35B5 /* SceneDelegate.swift */,
				5D5CC44625AC59C9002E35B5 /* Main.storyboard */,
				5D5CC44925AC59CC002E35B5 /* Assets.xcassets */,
				5D5CC44B25AC59CC002E35B5 /* LaunchScreen.storyboard */,
				5D5CC44E25AC59CC002E35B5 /* Info.plist */,
			);
			path = KakaoProfile;
			sourceTree = "<group>";
		};
		5D5CC46D25AE8E29002E35B5 /* Helpers */ = {
			isa = PBXGroup;
			children = (
				5D5CC46E25AE8E44002E35B5 /* UIImageViewExtension.swift */,
				5D5CC4AB25B020C8002E35B5 /* UIColorExtension.swift */,
			);
			path = Helpers;
			sourceTree = "<group>";
		};
		5D5CC47925AEE659002E35B5 /* Assets */ = {
			isa = PBXGroup;
			children = (
				5D5CC47A25AEE66A002E35B5 /* Image */,
			);
			path = Assets;
			sourceTree = "<group>";
		};
		5D5CC47A25AEE66A002E35B5 /* Image */ = {
			isa = PBXGroup;
			children = (
				5D5CC4B325B036D9002E35B5 /* kakao_logo.png */,
				5D5CC4AF25B0366B002E35B5 /* kakao_logo.jpg */,
				5D5CC47B25AEE678002E35B5 /* bean.png */,
			);
			path = Image;
			sourceTree = "<group>";
		};
		5D5CC47E25AEEE6C002E35B5 /* Controllers */ = {
			isa = PBXGroup;
			children = (
				5D5CC46425AD8D78002E35B5 /* FirstViewController.swift */,
				5D5CC46725AD91D3002E35B5 /* LoginViewController.swift */,
				5D5CC47625AEA270002E35B5 /* EditViewController.swift */,
				5D5CC45C25AD85A5002E35B5 /* TabBarController.swift */,
				5D5CC48E25B00C86002E35B5 /* EditVIewDelegate.swift */,
				5D5CC4CC25B15290002E35B5 /* MainViewController.swift */,
			);
			path = Controllers;
			sourceTree = "<group>";
		};
		5D5CC48D25B00C52002E35B5 /* Views */ = {
			isa = PBXGroup;
			children = (
			);
			path = Views;
			sourceTree = "<group>";
		};
		5D5CC4B725B041CF002E35B5 /* Models */ = {
			isa = PBXGroup;
			children = (
				5D5CC4B825B041DD002E35B5 /* User.swift */,
			);
			path = Models;
			sourceTree = "<group>";
		};
		5D5CC4BC25B051CD002E35B5 /* Network */ = {
			isa = PBXGroup;
			children = (
				5D5CC4BD25B051DB002E35B5 /* Config.swift */,
				5D5CC4C125B051EB002E35B5 /* UserAPI.swift */,
			);
			path = Network;
			sourceTree = "<group>";
		};
		5D5CC4C925B151FF002E35B5 /* Frameworks */ = {
			isa = PBXGroup;
			children = (
				5D5CC4CA25B151FF002E35B5 /* WebKit.framework */,
			);
			name = Frameworks;
			sourceTree = "<group>";
		};
/* End PBXGroup section */

/* Begin PBXNativeTarget section */
		5D5CC43C25AC59C9002E35B5 /* KakaoProfile */ = {
			isa = PBXNativeTarget;
			buildConfigurationList = 5D5CC45125AC59CC002E35B5 /* Build configuration list for PBXNativeTarget "KakaoProfile" */;
			buildPhases = (
				5D5CC43925AC59C9002E35B5 /* Sources */,
				5D5CC43A25AC59C9002E35B5 /* Frameworks */,
				5D5CC43B25AC59C9002E35B5 /* Resources */,
				5D5CC48925AFFE73002E35B5 /* ShellScript */,
			);
			buildRules = (
			);
			dependencies = (
			);
			name = KakaoProfile;
			productName = KakaoProfile;
			productReference = 5D5CC43D25AC59C9002E35B5 /* KakaoProfile.app */;
			productType = "com.apple.product-type.application";
		};
/* End PBXNativeTarget section */

/* Begin PBXProject section */
		5D5CC43525AC59C9002E35B5 /* Project object */ = {
			isa = PBXProject;
			attributes = {
				LastSwiftUpdateCheck = 1230;
				LastUpgradeCheck = 1230;
				TargetAttributes = {
					5D5CC43C25AC59C9002E35B5 = {
						CreatedOnToolsVersion = 12.3;
					};
				};
			};
			buildConfigurationList = 5D5CC43825AC59C9002E35B5 /* Build configuration list for PBXProject "KakaoProfile" */;
			compatibilityVersion = "Xcode 9.3";
			developmentRegion = en;
			hasScannedForEncodings = 0;
			knownRegions = (
				en,
				Base,
			);
			mainGroup = 5D5CC43425AC59C9002E35B5;
			productRefGroup = 5D5CC43E25AC59C9002E35B5 /* Products */;
			projectDirPath = "";
			projectRoot = "";
			targets = (
				5D5CC43C25AC59C9002E35B5 /* KakaoProfile */,
			);
		};
/* End PBXProject section */

/* Begin PBXResourcesBuildPhase section */
		5D5CC43B25AC59C9002E35B5 /* Resources */ = {
			isa = PBXResourcesBuildPhase;
			buildActionMask = 2147483647;
			files = (
				5D5CC44D25AC59CC002E35B5 /* LaunchScreen.storyboard in Resources */,
				5D5CC47C25AEE678002E35B5 /* bean.png in Resources */,
				5D5CC44A25AC59CC002E35B5 /* Assets.xcassets in Resources */,
				5D5CC44825AC59C9002E35B5 /* Main.storyboard in Resources */,
				5D5CC4B425B036D9002E35B5 /* kakao_logo.png in Resources */,
				5D5CC4B025B0366B002E35B5 /* kakao_logo.jpg in Resources */,
			);
			runOnlyForDeploymentPostprocessing = 0;
		};
/* End PBXResourcesBuildPhase section */

/* Begin PBXShellScriptBuildPhase section */
		5D5CC48925AFFE73002E35B5 /* ShellScript */ = {
			isa = PBXShellScriptBuildPhase;
			buildActionMask = 2147483647;
			files = (
			);
			inputFileListPaths = (
			);
			inputPaths = (
			);
			outputFileListPaths = (
			);
			outputPaths = (
			);
			runOnlyForDeploymentPostprocessing = 0;
			shellPath = /bin/sh;
			shellScript = "if which swiftlint >/dev/null; then\n  swiftlint\nelse\n  echo \"warning: SwiftLint not installed, download from https://github.com/realm/SwiftLint\"\nfi\n";
		};
/* End PBXShellScriptBuildPhase section */

/* Begin PBXSourcesBuildPhase section */
		5D5CC43925AC59C9002E35B5 /* Sources */ = {
			isa = PBXSourcesBuildPhase;
			buildActionMask = 2147483647;
			files = (
				5D5CC47725AEA270002E35B5 /* EditViewController.swift in Sources */,
				5D5CC4CD25B15290002E35B5 /* MainViewController.swift in Sources */,
				5D5CC46825AD91D3002E35B5 /* LoginViewController.swift in Sources */,
				5D5CC46525AD8D78002E35B5 /* FirstViewController.swift in Sources */,
				5D5CC45D25AD85A5002E35B5 /* TabBarController.swift in Sources */,
				5D5CC4BE25B051DB002E35B5 /* Config.swift in Sources */,
				5D5CC4C225B051EB002E35B5 /* UserAPI.swift in Sources */,
				5D5CC46F25AE8E44002E35B5 /* UIImageViewExtension.swift in Sources */,
				5D5CC4AC25B020C8002E35B5 /* UIColorExtension.swift in Sources */,
				5D5CC48F25B00C86002E35B5 /* EditVIewDelegate.swift in Sources */,
				5D5CC44125AC59C9002E35B5 /* AppDelegate.swift in Sources */,
				5D5CC4B925B041DD002E35B5 /* User.swift in Sources */,
				5D5CC44325AC59C9002E35B5 /* SceneDelegate.swift in Sources */,
			);
			runOnlyForDeploymentPostprocessing = 0;
		};
/* End PBXSourcesBuildPhase section */

/* Begin PBXVariantGroup section */
		5D5CC44625AC59C9002E35B5 /* Main.storyboard */ = {
			isa = PBXVariantGroup;
			children = (
				5D5CC44725AC59C9002E35B5 /* Base */,
			);
			name = Main.storyboard;
			sourceTree = "<group>";
		};
		5D5CC44B25AC59CC002E35B5 /* LaunchScreen.storyboard */ = {
			isa = PBXVariantGroup;
			children = (
				5D5CC44C25AC59CC002E35B5 /* Base */,
			);
			name = LaunchScreen.storyboard;
			sourceTree = "<group>";
		};
/* End PBXVariantGroup section */

/* Begin XCBuildConfiguration section */
		5D5CC44F25AC59CC002E35B5 /* Debug */ = {
			isa = XCBuildConfiguration;
			buildSettings = {
				ALWAYS_SEARCH_USER_PATHS = NO;
				CLANG_ANALYZER_NONNULL = YES;
				CLANG_ANALYZER_NUMBER_OBJECT_CONVERSION = YES_AGGRESSIVE;
				CLANG_CXX_LANGUAGE_STANDARD = "gnu++14";
				CLANG_CXX_LIBRARY = "libc++";
				CLANG_ENABLE_MODULES = YES;
				CLANG_ENABLE_OBJC_ARC = YES;
				CLANG_ENABLE_OBJC_WEAK = YES;
				CLANG_WARN_BLOCK_CAPTURE_AUTORELEASING = YES;
				CLANG_WARN_BOOL_CONVERSION = YES;
				CLANG_WARN_COMMA = YES;
				CLANG_WARN_CONSTANT_CONVERSION = YES;
				CLANG_WARN_DEPRECATED_OBJC_IMPLEMENTATIONS = YES;
				CLANG_WARN_DIRECT_OBJC_ISA_USAGE = YES_ERROR;
				CLANG_WARN_DOCUMENTATION_COMMENTS = YES;
				CLANG_WARN_EMPTY_BODY = YES;
				CLANG_WARN_ENUM_CONVERSION = YES;
				CLANG_WARN_INFINITE_RECURSION = YES;
				CLANG_WARN_INT_CONVERSION = YES;
				CLANG_WARN_NON_LITERAL_NULL_CONVERSION = YES;
				CLANG_WARN_OBJC_IMPLICIT_RETAIN_SELF = YES;
				CLANG_WARN_OBJC_LITERAL_CONVERSION = YES;
				CLANG_WARN_OBJC_ROOT_CLASS = YES_ERROR;
				CLANG_WARN_QUOTED_INCLUDE_IN_FRAMEWORK_HEADER = YES;
				CLANG_WARN_RANGE_LOOP_ANALYSIS = YES;
				CLANG_WARN_STRICT_PROTOTYPES = YES;
				CLANG_WARN_SUSPICIOUS_MOVE = YES;
				CLANG_WARN_UNGUARDED_AVAILABILITY = YES_AGGRESSIVE;
				CLANG_WARN_UNREACHABLE_CODE = YES;
				CLANG_WARN__DUPLICATE_METHOD_MATCH = YES;
				COPY_PHASE_STRIP = NO;
				DEBUG_INFORMATION_FORMAT = dwarf;
				ENABLE_STRICT_OBJC_MSGSEND = YES;
				ENABLE_TESTABILITY = YES;
				GCC_C_LANGUAGE_STANDARD = gnu11;
				GCC_DYNAMIC_NO_PIC = NO;
				GCC_NO_COMMON_BLOCKS = YES;
				GCC_OPTIMIZATION_LEVEL = 0;
				GCC_PREPROCESSOR_DEFINITIONS = (
					"DEBUG=1",
					"$(inherited)",
				);
				GCC_WARN_64_TO_32_BIT_CONVERSION = YES;
				GCC_WARN_ABOUT_RETURN_TYPE = YES_ERROR;
				GCC_WARN_UNDECLARED_SELECTOR = YES;
				GCC_WARN_UNINITIALIZED_AUTOS = YES_AGGRESSIVE;
				GCC_WARN_UNUSED_FUNCTION = YES;
				GCC_WARN_UNUSED_VARIABLE = YES;
				IPHONEOS_DEPLOYMENT_TARGET = 14.3;
				MTL_ENABLE_DEBUG_INFO = INCLUDE_SOURCE;
				MTL_FAST_MATH = YES;
				ONLY_ACTIVE_ARCH = YES;
				SDKROOT = iphoneos;
				SWIFT_ACTIVE_COMPILATION_CONDITIONS = DEBUG;
				SWIFT_OPTIMIZATION_LEVEL = "-Onone";
			};
			name = Debug;
		};
		5D5CC45025AC59CC002E35B5 /* Release */ = {
			isa = XCBuildConfiguration;
			buildSettings = {
				ALWAYS_SEARCH_USER_PATHS = NO;
				CLANG_ANALYZER_NONNULL = YES;
				CLANG_ANALYZER_NUMBER_OBJECT_CONVERSION = YES_AGGRESSIVE;
				CLANG_CXX_LANGUAGE_STANDARD = "gnu++14";
				CLANG_CXX_LIBRARY = "libc++";
				CLANG_ENABLE_MODULES = YES;
				CLANG_ENABLE_OBJC_ARC = YES;
				CLANG_ENABLE_OBJC_WEAK = YES;
				CLANG_WARN_BLOCK_CAPTURE_AUTORELEASING = YES;
				CLANG_WARN_BOOL_CONVERSION = YES;
				CLANG_WARN_COMMA = YES;
				CLANG_WARN_CONSTANT_CONVERSION = YES;
				CLANG_WARN_DEPRECATED_OBJC_IMPLEMENTATIONS = YES;
				CLANG_WARN_DIRECT_OBJC_ISA_USAGE = YES_ERROR;
				CLANG_WARN_DOCUMENTATION_COMMENTS = YES;
				CLANG_WARN_EMPTY_BODY = YES;
				CLANG_WARN_ENUM_CONVERSION = YES;
				CLANG_WARN_INFINITE_RECURSION = YES;
				CLANG_WARN_INT_CONVERSION = YES;
				CLANG_WARN_NON_LITERAL_NULL_CONVERSION = YES;
				CLANG_WARN_OBJC_IMPLICIT_RETAIN_SELF = YES;
				CLANG_WARN_OBJC_LITERAL_CONVERSION = YES;
				CLANG_WARN_OBJC_ROOT_CLASS = YES_ERROR;
				CLANG_WARN_QUOTED_INCLUDE_IN_FRAMEWORK_HEADER = YES;
				CLANG_WARN_RANGE_LOOP_ANALYSIS = YES;
				CLANG_WARN_STRICT_PROTOTYPES = YES;
				CLANG_WARN_SUSPICIOUS_MOVE = YES;
				CLANG_WARN_UNGUARDED_AVAILABILITY = YES_AGGRESSIVE;
				CLANG_WARN_UNREACHABLE_CODE = YES;
				CLANG_WARN__DUPLICATE_METHOD_MATCH = YES;
				COPY_PHASE_STRIP = NO;
				DEBUG_INFORMATION_FORMAT = "dwarf-with-dsym";
				ENABLE_NS_ASSERTIONS = NO;
				ENABLE_STRICT_OBJC_MSGSEND = YES;
				GCC_C_LANGUAGE_STANDARD = gnu11;
				GCC_NO_COMMON_BLOCKS = YES;
				GCC_WARN_64_TO_32_BIT_CONVERSION = YES;
				GCC_WARN_ABOUT_RETURN_TYPE = YES_ERROR;
				GCC_WARN_UNDECLARED_SELECTOR = YES;
				GCC_WARN_UNINITIALIZED_AUTOS = YES_AGGRESSIVE;
				GCC_WARN_UNUSED_FUNCTION = YES;
				GCC_WARN_UNUSED_VARIABLE = YES;
				IPHONEOS_DEPLOYMENT_TARGET = 14.3;
				MTL_ENABLE_DEBUG_INFO = NO;
				MTL_FAST_MATH = YES;
				SDKROOT = iphoneos;
				SWIFT_COMPILATION_MODE = wholemodule;
				SWIFT_OPTIMIZATION_LEVEL = "-O";
				VALIDATE_PRODUCT = YES;
			};
			name = Release;
		};
		5D5CC45225AC59CC002E35B5 /* Debug */ = {
			isa = XCBuildConfiguration;
			buildSettings = {
				ASSETCATALOG_COMPILER_APPICON_NAME = AppIcon;
				ASSETCATALOG_COMPILER_GLOBAL_ACCENT_COLOR_NAME = AccentColor;
				CODE_SIGN_STYLE = Automatic;
				INFOPLIST_FILE = KakaoProfile/Info.plist;
				LD_RUNPATH_SEARCH_PATHS = (
					"$(inherited)",
					"@executable_path/Frameworks",
				);
				PRODUCT_BUNDLE_IDENTIFIER = com.bean.KakaoProfile;
				PRODUCT_NAME = "$(TARGET_NAME)";
				SWIFT_VERSION = 5.0;
				TARGETED_DEVICE_FAMILY = "1,2";
			};
			name = Debug;
		};
		5D5CC45325AC59CC002E35B5 /* Release */ = {
			isa = XCBuildConfiguration;
			buildSettings = {
				ASSETCATALOG_COMPILER_APPICON_NAME = AppIcon;
				ASSETCATALOG_COMPILER_GLOBAL_ACCENT_COLOR_NAME = AccentColor;
				CODE_SIGN_STYLE = Automatic;
				INFOPLIST_FILE = KakaoProfile/Info.plist;
				LD_RUNPATH_SEARCH_PATHS = (
					"$(inherited)",
					"@executable_path/Frameworks",
				);
				PRODUCT_BUNDLE_IDENTIFIER = com.bean.KakaoProfile;
				PRODUCT_NAME = "$(TARGET_NAME)";
				SWIFT_VERSION = 5.0;
				TARGETED_DEVICE_FAMILY = "1,2";
			};
			name = Release;
		};
/* End XCBuildConfiguration section */

/* Begin XCConfigurationList section */
		5D5CC43825AC59C9002E35B5 /* Build configuration list for PBXProject "KakaoProfile" */ = {
			isa = XCConfigurationList;
			buildConfigurations = (
				5D5CC44F25AC59CC002E35B5 /* Debug */,
				5D5CC45025AC59CC002E35B5 /* Release */,
			);
			defaultConfigurationIsVisible = 0;
			defaultConfigurationName = Release;
		};
		5D5CC45125AC59CC002E35B5 /* Build configuration list for PBXNativeTarget "KakaoProfile" */ = {
			isa = XCConfigurationList;
			buildConfigurations = (
				5D5CC45225AC59CC002E35B5 /* Debug */,
				5D5CC45325AC59CC002E35B5 /* Release */,
			);
			defaultConfigurationIsVisible = 0;
			defaultConfigurationName = Release;
		};
/* End XCConfigurationList section */
	};
	rootObject = 5D5CC43525AC59C9002E35B5 /* Project object */;
}
